// !$*UTF8*$!
{
	archiveVersion = 1;
	classes = {
	};
	objectVersion = 48;
	objects = {

/* Begin PBXBuildFile section */
		4994DFC71F91E728007F8914 /* AppDelegate.swift in Sources */ = {isa = PBXBuildFile; fileRef = 4994DFC61F91E728007F8914 /* AppDelegate.swift */; };
		4994DFC91F91E728007F8914 /* ViewController.swift in Sources */ = {isa = PBXBuildFile; fileRef = 4994DFC81F91E728007F8914 /* ViewController.swift */; };
		4994DFCC1F91E728007F8914 /* Main.storyboard in Resources */ = {isa = PBXBuildFile; fileRef = 4994DFCA1F91E728007F8914 /* Main.storyboard */; };
		4994DFCE1F91E728007F8914 /* Assets.xcassets in Resources */ = {isa = PBXBuildFile; fileRef = 4994DFCD1F91E728007F8914 /* Assets.xcassets */; };
		4994DFD11F91E728007F8914 /* LaunchScreen.storyboard in Resources */ = {isa = PBXBuildFile; fileRef = 4994DFCF1F91E728007F8914 /* LaunchScreen.storyboard */; };
/* End PBXBuildFile section */

/* Begin PBXFileReference section */
		4994DFC31F91E728007F8914 /* Spalah_hw6_Advanced.app */ = {isa = PBXFileReference; explicitFileType = wrapper.application; includeInIndex = 0; path = Spalah_hw6_Advanced.app; sourceTree = BUILT_PRODUCTS_DIR; };
		4994DFC61F91E728007F8914 /* AppDelegate.swift */ = {isa = PBXFileReference; lastKnownFileType = sourcecode.swift; path = AppDelegate.swift; sourceTree = "<group>"; };
		4994DFC81F91E728007F8914 /* ViewController.swift */ = {isa = PBXFileReference; lastKnownFileType = sourcecode.swift; path = ViewController.swift; sourceTree = "<group>"; };
		4994DFCB1F91E728007F8914 /* Base */ = {isa = PBXFileReference; lastKnownFileType = file.storyboard; name = Base; path = Base.lproj/Main.storyboard; sourceTree = "<group>"; };
		4994DFCD1F91E728007F8914 /* Assets.xcassets */ = {isa = PBXFileReference; lastKnownFileType = folder.assetcatalog; path = Assets.xcassets; sourceTree = "<group>"; };
		4994DFD01F91E728007F8914 /* Base */ = {isa = PBXFileReference; lastKnownFileType = file.storyboard; name = Base; path = Base.lproj/LaunchScreen.storyboard; sourceTree = "<group>"; };
		4994DFD21F91E728007F8914 /* Info.plist */ = {isa = PBXFileReference; lastKnownFileType = text.plist.xml; path = Info.plist; sourceTree = "<group>"; };
/* End PBXFileReference section */

/* Begin PBXFrameworksBuildPhase section */
		4994DFC01F91E728007F8914 /* Frameworks */ = {
			isa = PBXFrameworksBuildPhase;
			buildActionMask = 2147483647;
			files = (
			);
			runOnlyForDeploymentPostprocessing = 0;
		};
/* End PBXFrameworksBuildPhase section */

/* Begin PBXGroup section */
		4994DFBA1F91E728007F8914 = {
			isa = PBXGroup;
			children = (
				4994DFC51F91E728007F8914 /* Spalah_hw6_Advanced */,
				4994DFC41F91E728007F8914 /* Products */,
			);
			sourceTree = "<group>";
		};
		4994DFC41F91E728007F8914 /* Products */ = {
			isa = PBXGroup;
			children = (
				4994DFC31F91E728007F8914 /* Spalah_hw6_Advanced.app */,
			);
			name = Products;
			sourceTree = "<group>";
		};
		4994DFC51F91E728007F8914 /* Spalah_hw6_Advanced */ = {
			isa = PBXGroup;
			children = (
				4994DFC61F91E728007F8914 /* AppDelegate.swift */,
				4994DFC81F91E728007F8914 /* ViewController.swift */,
				4994DFCA1F91E728007F8914 /* Main.storyboard */,
				4994DFCD1F91E728007F8914 /* Assets.xcassets */,
				4994DFCF1F91E728007F8914 /* LaunchScreen.storyboard */,
				4994DFD21F91E728007F8914 /* Info.plist */,
			);
			path = Spalah_hw6_Advanced;
			sourceTree = "<group>";
		};
/* End PBXGroup section */

/* Begin PBXNativeTarget section */
		4994DFC21F91E728007F8914 /* Spalah_hw6_Advanced */ = {
			isa = PBXNativeTarget;
			buildConfigurationList = 4994DFD51F91E728007F8914 /* Build configuration list for PBXNativeTarget "Spalah_hw6_Advanced" */;
			buildPhases = (
				4994DFBF1F91E728007F8914 /* Sources */,
				4994DFC01F91E728007F8914 /* Frameworks */,
				4994DFC11F91E728007F8914 /* Resources */,
			);
			buildRules = (
			);
			dependencies = (
			);
			name = Spalah_hw6_Advanced;
			productName = Spalah_hw6_Advanced;
			productReference = 4994DFC31F91E728007F8914 /* Spalah_hw6_Advanced.app */;
			productType = "com.apple.product-type.application";
		};
/* End PBXNativeTarget section */

/* Begin PBXProject section */
		4994DFBB1F91E728007F8914 /* Project object */ = {
			isa = PBXProject;
			attributes = {
				LastSwiftUpdateCheck = 0900;
				LastUpgradeCheck = 0900;
				ORGANIZATIONNAME = "Sergey Gaponov";
				TargetAttributes = {
					4994DFC21F91E728007F8914 = {
						CreatedOnToolsVersion = 9.0;
						ProvisioningStyle = Automatic;
					};
				};
			};
			buildConfigurationList = 4994DFBE1F91E728007F8914 /* Build configuration list for PBXProject "Spalah_hw6_Advanced" */;
			compatibilityVersion = "Xcode 8.0";
			developmentRegion = en;
			hasScannedForEncodings = 0;
			knownRegions = (
				en,
				Base,
			);
			mainGroup = 4994DFBA1F91E728007F8914;
			productRefGroup = 4994DFC41F91E728007F8914 /* Products */;
			projectDirPath = "";
			projectRoot = "";
			targets = (
				4994DFC21F91E728007F8914 /* Spalah_hw6_Advanced */,
			);
		};
/* End PBXProject section */

/* Begin PBXResourcesBuildPhase section */
		4994DFC11F91E728007F8914 /* Resources */ = {
			isa = PBXResourcesBuildPhase;
			buildActionMask = 2147483647;
			files = (
				4994DFD11F91E728007F8914 /* LaunchScreen.storyboard in Resources */,
				4994DFCE1F91E728007F8914 /* Assets.xcassets in Resources */,
				4994DFCC1F91E728007F8914 /* Main.storyboard in Resources */,
			);
			runOnlyForDeploymentPostprocessing = 0;
		};
/* End PBXResourcesBuildPhase section */

/* Begin PBXSourcesBuildPhase section */
		4994DFBF1F91E728007F8914 /* Sources */ = {
			isa = PBXSourcesBuildPhase;
			buildActionMask = 2147483647;
			files = (
				4994DFC91F91E728007F8914 /* ViewController.swift in Sources */,
				4994DFC71F91E728007F8914 /* AppDelegate.swift in Sources */,
			);
			runOnlyForDeploymentPostprocessing = 0;
		};
/* End PBXSourcesBuildPhase section */

/* Begin PBXVariantGroup section */
		4994DFCA1F91E728007F8914 /* Main.storyboard */ = {
			isa = PBXVariantGroup;
			children = (
				4994DFCB1F91E728007F8914 /* Base */,
			);
			name = Main.storyboard;
			sourceTree = "<group>";
		};
		4994DFCF1F91E728007F8914 /* LaunchScreen.storyboard */ = {
			isa = PBXVariantGroup;
			children = (
				4994DFD01F91E728007F8914 /* Base */,
			);
			name = LaunchScreen.storyboard;
			sourceTree = "<group>";
		};
/* End PBXVariantGroup section */

/* Begin XCBuildConfiguration section */
		4994DFD31F91E728007F8914 /* Debug */ = {
			isa = XCBuildConfiguration;
			buildSettings = {
				ALWAYS_SEARCH_USER_PATHS = NO;
				CLANG_ANALYZER_NONNULL = YES;
				CLANG_ANALYZER_NUMBER_OBJECT_CONVERSION = YES_AGGRESSIVE;
				CLANG_CXX_LANGUAGE_STANDARD = "gnu++14";
				CLANG_CXX_LIBRARY = "libc++";
				CLANG_ENABLE_MODULES = YES;
				CLANG_ENABLE_OBJC_ARC = YES;
				CLANG_WARN_BLOCK_CAPTURE_AUTORELEASING = YES;
				CLANG_WARN_BOOL_CONVERSION = YES;
				CLANG_WARN_COMMA = YES;
				CLANG_WARN_CONSTANT_CONVERSION = YES;
				CLANG_WARN_DIRECT_OBJC_ISA_USAGE = YES_ERROR;
				CLANG_WARN_DOCUMENTATION_COMMENTS = YES;
				CLANG_WARN_EMPTY_BODY = YES;
				CLANG_WARN_ENUM_CONVERSION = YES;
				CLANG_WARN_INFINITE_RECURSION = YES;
				CLANG_WARN_INT_CONVERSION = YES;
				CLANG_WARN_NON_LITERAL_NULL_CONVERSION = YES;
				CLANG_WARN_OBJC_LITERAL_CONVERSION = YES;
				CLANG_WARN_OBJC_ROOT_CLASS = YES_ERROR;
				CLANG_WARN_RANGE_LOOP_ANALYSIS = YES;
				CLANG_WARN_STRICT_PROTOTYPES = YES;
				CLANG_WARN_SUSPICIOUS_MOVE = YES;
				CLANG_WARN_UNGUARDED_AVAILABILITY = YES_AGGRESSIVE;
				CLANG_WARN_UNREACHABLE_CODE = YES;
				CLANG_WARN__DUPLICATE_METHOD_MATCH = YES;
				CODE_SIGN_IDENTITY = "iPhone Developer";
				COPY_PHASE_STRIP = NO;
				DEBUG_INFORMATION_FORMAT = dwarf;
				ENABLE_STRICT_OBJC_MSGSEND = YES;
				ENABLE_TESTABILITY = YES;
				GCC_C_LANGUAGE_STANDARD = gnu11;
				GCC_DYNAMIC_NO_PIC = NO;
				GCC_NO_COMMON_BLOCKS = YES;
				GCC_OPTIMIZATION_LEVEL = 0;
				GCC_PREPROCESSOR_DEFINITIONS = (
					"DEBUG=1",
					"$(inherited)",
				);
				GCC_WARN_64_TO_32_BIT_CONVERSION = YES;
				GCC_WARN_ABOUT_RETURN_TYPE = YES_ERROR;
				GCC_WARN_UNDECLARED_SELECTOR = YES;
				GCC_WARN_UNINITIALIZED_AUTOS = YES_AGGRESSIVE;
				GCC_WARN_UNUSED_FUNCTION = YES;
				GCC_WARN_UNUSED_VARIABLE = YES;
				IPHONEOS_DEPLOYMENT_TARGET = 11.0;
				MTL_ENABLE_DEBUG_INFO = YES;
				ONLY_ACTIVE_ARCH = YES;
				SDKROOT = iphoneos;
				SWIFT_ACTIVE_COMPILATION_CONDITIONS = DEBUG;
				SWIFT_OPTIMIZATION_LEVEL = "-Onone";
			};
			name = Debug;
		};
		4994DFD41F91E728007F8914 /* Release */ = {
			isa = XCBuildConfiguration;
			buildSettings = {
				ALWAYS_SEARCH_USER_PATHS = NO;
				CLANG_ANALYZER_NONNULL = YES;
				CLANG_ANALYZER_NUMBER_OBJECT_CONVERSION = YES_AGGRESSIVE;
				CLANG_CXX_LANGUAGE_STANDARD = "gnu++14";
				CLANG_CXX_LIBRARY = "libc++";
				CLANG_ENABLE_MODULES = YES;
				CLANG_ENABLE_OBJC_ARC = YES;
				CLANG_WARN_BLOCK_CAPTURE_AUTORELEASING = YES;
				CLANG_WARN_BOOL_CONVERSION = YES;
				CLANG_WARN_COMMA = YES;
				CLANG_WARN_CONSTANT_CONVERSION = YES;
				CLANG_WARN_DIRECT_OBJC_ISA_USAGE = YES_ERROR;
				CLANG_WARN_DOCUMENTATION_COMMENTS = YES;
				CLANG_WARN_EMPTY_BODY = YES;
				CLANG_WARN_ENUM_CONVERSION = YES;
				CLANG_WARN_INFINITE_RECURSION = YES;
				CLANG_WARN_INT_CONVERSION = YES;
				CLANG_WARN_NON_LITERAL_NULL_CONVERSION = YES;
				CLANG_WARN_OBJC_LITERAL_CONVERSION = YES;
				CLANG_WARN_OBJC_ROOT_CLASS = YES_ERROR;
				CLANG_WARN_RANGE_LOOP_ANALYSIS = YES;
				CLANG_WARN_STRICT_PROTOTYPES = YES;
				CLANG_WARN_SUSPICIOUS_MOVE = YES;
				CLANG_WARN_UNGUARDED_AVAILABILITY = YES_AGGRESSIVE;
				CLANG_WARN_UNREACHABLE_CODE = YES;
				CLANG_WARN__DUPLICATE_METHOD_MATCH = YES;
				CODE_SIGN_IDENTITY = "iPhone Developer";
				COPY_PHASE_STRIP = NO;
				DEBUG_INFORMATION_FORMAT = "dwarf-with-dsym";
				ENABLE_NS_ASSERTIONS = NO;
				ENABLE_STRICT_OBJC_MSGSEND = YES;
				GCC_C_LANGUAGE_STANDARD = gnu11;
				GCC_NO_COMMON_BLOCKS = YES;
				GCC_WARN_64_TO_32_BIT_CONVERSION = YES;
				GCC_WARN_ABOUT_RETURN_TYPE = YES_ERROR;
				GCC_WARN_UNDECLARED_SELECTOR = YES;
				GCC_WARN_UNINITIALIZED_AUTOS = YES_AGGRESSIVE;
				GCC_WARN_UNUSED_FUNCTION = YES;
				GCC_WARN_UNUSED_VARIABLE = YES;
				IPHONEOS_DEPLOYMENT_TARGET = 11.0;
				MTL_ENABLE_DEBUG_INFO = NO;
				SDKROOT = iphoneos;
				SWIFT_OPTIMIZATION_LEVEL = "-Owholemodule";
				VALIDATE_PRODUCT = YES;
			};
			name = Release;
		};
		4994DFD61F91E728007F8914 /* Debug */ = {
			isa = XCBuildConfiguration;
			buildSettings = {
				ASSETCATALOG_COMPILER_APPICON_NAME = AppIcon;
				CODE_SIGN_STYLE = Automatic;
				DEVELOPMENT_TEAM = FX7KZ75KQ4;
				INFOPLIST_FILE = Spalah_hw6_Advanced/Info.plist;
				LD_RUNPATH_SEARCH_PATHS = "$(inherited) @executable_path/Frameworks";
				PRODUCT_BUNDLE_IDENTIFIER = "sergeygaponov.Spalah-hw6-Advanced";
				PRODUCT_NAME = "$(TARGET_NAME)";
				SWIFT_VERSION = 4.0;
				TARGETED_DEVICE_FAMILY = "1,2";
			};
			name = Debug;
		};
		4994DFD71F91E728007F8914 /* Release */ = {
			isa = XCBuildConfiguration;
			buildSettings = {
				ASSETCATALOG_COMPILER_APPICON_NAME = AppIcon;
				CODE_SIGN_STYLE = Automatic;
				DEVELOPMENT_TEAM = FX7KZ75KQ4;
				INFOPLIST_FILE = Spalah_hw6_Advanced/Info.plist;
				LD_RUNPATH_SEARCH_PATHS = "$(inherited) @executable_path/Frameworks";
				PRODUCT_BUNDLE_IDENTIFIER = "sergeygaponov.Spalah-hw6-Advanced";
				PRODUCT_NAME = "$(TARGET_NAME)";
				SWIFT_VERSION = 4.0;
				TARGETED_DEVICE_FAMILY = "1,2";
			};
			name = Release;
		};
/* End XCBuildConfiguration section */

/* Begin XCConfigurationList section */
		4994DFBE1F91E728007F8914 /* Build configuration list for PBXProject "Spalah_hw6_Advanced" */ = {
			isa = XCConfigurationList;
			buildConfigurations = (
				4994DFD31F91E728007F8914 /* Debug */,
				4994DFD41F91E728007F8914 /* Release */,
			);
			defaultConfigurationIsVisible = 0;
			defaultConfigurationName = Release;
		};
		4994DFD51F91E728007F8914 /* Build configuration list for PBXNativeTarget "Spalah_hw6_Advanced" */ = {
			isa = XCConfigurationList;
			buildConfigurations = (
				4994DFD61F91E728007F8914 /* Debug */,
				4994DFD71F91E728007F8914 /* Release */,
			);
			defaultConfigurationIsVisible = 0;
			defaultConfigurationName = Release;
		};
/* End XCConfigurationList section */
	};
	rootObject = 4994DFBB1F91E728007F8914 /* Project object */;
}
